// !$*UTF8*$!
{
	archiveVersion = 1;
	classes = {
	};
	objectVersion = 51;
	objects = {

/* Begin PBXBuildFile section */
		CB2388B2260389D3000DD0EB /* Kitana_UMK3.gif in Resources */ = {isa = PBXBuildFile; fileRef = CB2388B0260389D3000DD0EB /* Kitana_UMK3.gif */; };
		CB2388B3260389D3000DD0EB /* Umk3s.gif in Resources */ = {isa = PBXBuildFile; fileRef = CB2388B1260389D3000DD0EB /* Umk3s.gif */; };
		CB2388DA2603BF8E000DD0EB /* GoogleService-Info.plist in Resources */ = {isa = PBXBuildFile; fileRef = CB2388D92603BF8E000DD0EB /* GoogleService-Info.plist */; };
		CB2DE22925E91B7A001A8F5E /* DetailVC.swift in Sources */ = {isa = PBXBuildFile; fileRef = CB2DE22825E91B7A001A8F5E /* DetailVC.swift */; };
		CB8BB2AE25E5009200809D73 /* AppDelegate.swift in Sources */ = {isa = PBXBuildFile; fileRef = CB8BB2AD25E5009200809D73 /* AppDelegate.swift */; };
		CB8BB2B025E5009200809D73 /* SceneDelegate.swift in Sources */ = {isa = PBXBuildFile; fileRef = CB8BB2AF25E5009200809D73 /* SceneDelegate.swift */; };
		CB8BB2B225E5009200809D73 /* TableViewVC.swift in Sources */ = {isa = PBXBuildFile; fileRef = CB8BB2B125E5009200809D73 /* TableViewVC.swift */; };
		CB8BB2B525E5009200809D73 /* Main.storyboard in Resources */ = {isa = PBXBuildFile; fileRef = CB8BB2B325E5009200809D73 /* Main.storyboard */; };
		CB8BB2B725E5009E00809D73 /* Assets.xcassets in Resources */ = {isa = PBXBuildFile; fileRef = CB8BB2B625E5009E00809D73 /* Assets.xcassets */; };
		CB8BB2BA25E5009E00809D73 /* LaunchScreen.storyboard in Resources */ = {isa = PBXBuildFile; fileRef = CB8BB2B825E5009E00809D73 /* LaunchScreen.storyboard */; };
		CB8BB2C325E502F100809D73 /* CharacterModel.swift in Sources */ = {isa = PBXBuildFile; fileRef = CB8BB2C225E502F100809D73 /* CharacterModel.swift */; };
		CB8BB2C625E504CB00809D73 /* Networking.swift in Sources */ = {isa = PBXBuildFile; fileRef = CB8BB2C525E504CB00809D73 /* Networking.swift */; };
		CB8BB2CA25E50F3E00809D73 /* Kombat.json in Resources */ = {isa = PBXBuildFile; fileRef = CB8BB2C925E50F3E00809D73 /* Kombat.json */; };
		CB8BB2D125E5524C00809D73 /* FighterCell.swift in Sources */ = {isa = PBXBuildFile; fileRef = CB8BB2CF25E5524C00809D73 /* FighterCell.swift */; };
		CB8BB2D225E5524C00809D73 /* FighterCell.xib in Resources */ = {isa = PBXBuildFile; fileRef = CB8BB2D025E5524C00809D73 /* FighterCell.xib */; };
		CB8BB2D825E5700F00809D73 /* DataSource.swift in Sources */ = {isa = PBXBuildFile; fileRef = CB8BB2D725E5700F00809D73 /* DataSource.swift */; };
		CB8BB2DC25E573C100809D73 /* DataProvider.swift in Sources */ = {isa = PBXBuildFile; fileRef = CB8BB2DB25E573C100809D73 /* DataProvider.swift */; };
		CB8BB2DF25E576A000809D73 /* TableViewVM.swift in Sources */ = {isa = PBXBuildFile; fileRef = CB8BB2DE25E576A000809D73 /* TableViewVM.swift */; };
		CB8BB2F025E67EE600809D73 /* CollectionViewVC.swift in Sources */ = {isa = PBXBuildFile; fileRef = CB8BB2EF25E67EE600809D73 /* CollectionViewVC.swift */; };
		CB8BB2F425E67F6D00809D73 /* CollectionViewCell.swift in Sources */ = {isa = PBXBuildFile; fileRef = CB8BB2F225E67F6D00809D73 /* CollectionViewCell.swift */; };
		CB8BB2F525E67F6D00809D73 /* CollectionViewCell.xib in Resources */ = {isa = PBXBuildFile; fileRef = CB8BB2F325E67F6D00809D73 /* CollectionViewCell.xib */; };
		CB8BB2FA25E6828500809D73 /* CollectionViewVM.swift in Sources */ = {isa = PBXBuildFile; fileRef = CB8BB2F925E6828500809D73 /* CollectionViewVM.swift */; };
		CB8BB2FD25E6D11300809D73 /* MKtitle.ttf in Resources */ = {isa = PBXBuildFile; fileRef = CB8BB2FC25E6D11300809D73 /* MKtitle.ttf */; };
		CB8BB30325E6D4A900809D73 /* Colors.swift in Sources */ = {isa = PBXBuildFile; fileRef = CB8BB30225E6D4A900809D73 /* Colors.swift */; };
		CB8BB30C25E7F5F300809D73 /* ContainerVC.swift in Sources */ = {isa = PBXBuildFile; fileRef = CB8BB30B25E7F5F300809D73 /* ContainerVC.swift */; };
		CB9F4DFE25F113EB0033C077 /* FinishersVC.swift in Sources */ = {isa = PBXBuildFile; fileRef = CB9F4DFD25F113EB0033C077 /* FinishersVC.swift */; };
		CBC685A525F235E200FAFCC8 /* mklogogif.gif in Resources */ = {isa = PBXBuildFile; fileRef = CBC685A425F235E200FAFCC8 /* mklogogif.gif */; };
		CBC685A825F236B600FAFCC8 /* LogoAnimationView.swift in Sources */ = {isa = PBXBuildFile; fileRef = CBC685A725F236B600FAFCC8 /* LogoAnimationView.swift */; };
		CBC7892A2602547900CC5E4C /* SettingsVC.swift in Sources */ = {isa = PBXBuildFile; fileRef = CBC789292602547900CC5E4C /* SettingsVC.swift */; };
		CBC7892D26026EC700CC5E4C /* Fonts.swift in Sources */ = {isa = PBXBuildFile; fileRef = CBC7892C26026EC700CC5E4C /* Fonts.swift */; };
		CBE6C35525F24A6C008F34D6 /* raidenGif.gif in Resources */ = {isa = PBXBuildFile; fileRef = CBE6C35425F24A6C008F34D6 /* raidenGif.gif */; };
		CBE6C35D25FA16E1008F34D6 /* DetailScreenVM.swift in Sources */ = {isa = PBXBuildFile; fileRef = CBE6C35C25FA16E1008F34D6 /* DetailScreenVM.swift */; };
		CBEC3B5626037507009C92F8 /* AboutAppVC.swift in Sources */ = {isa = PBXBuildFile; fileRef = CBEC3B5526037507009C92F8 /* AboutAppVC.swift */; };
		CBEC3B592603802B009C92F8 /* AboutDevVC.swift in Sources */ = {isa = PBXBuildFile; fileRef = CBEC3B582603802B009C92F8 /* AboutDevVC.swift */; };
		D50464F0D0011B1946CDBF03 /* Pods_KombatBio.framework in Frameworks */ = {isa = PBXBuildFile; fileRef = CF60B59B916909879EE2FCD4 /* Pods_KombatBio.framework */; };
/* End PBXBuildFile section */

/* Begin PBXFileReference section */
		36E73328AADE86143A10DDE7 /* Pods-KombatBio.debug.xcconfig */ = {isa = PBXFileReference; includeInIndex = 1; lastKnownFileType = text.xcconfig; name = "Pods-KombatBio.debug.xcconfig"; path = "Target Support Files/Pods-KombatBio/Pods-KombatBio.debug.xcconfig"; sourceTree = "<group>"; };
		BBD1D5D735A1329F992AF93B /* Pods-KombatBio.release.xcconfig */ = {isa = PBXFileReference; includeInIndex = 1; lastKnownFileType = text.xcconfig; name = "Pods-KombatBio.release.xcconfig"; path = "Target Support Files/Pods-KombatBio/Pods-KombatBio.release.xcconfig"; sourceTree = "<group>"; };
		CB2388B0260389D3000DD0EB /* Kitana_UMK3.gif */ = {isa = PBXFileReference; lastKnownFileType = image.gif; path = Kitana_UMK3.gif; sourceTree = "<group>"; };
		CB2388B1260389D3000DD0EB /* Umk3s.gif */ = {isa = PBXFileReference; lastKnownFileType = image.gif; path = Umk3s.gif; sourceTree = "<group>"; };
		CB2388D92603BF8E000DD0EB /* GoogleService-Info.plist */ = {isa = PBXFileReference; fileEncoding = 4; lastKnownFileType = text.plist.xml; path = "GoogleService-Info.plist"; sourceTree = "<group>"; };
		CB2DE22825E91B7A001A8F5E /* DetailVC.swift */ = {isa = PBXFileReference; lastKnownFileType = sourcecode.swift; path = DetailVC.swift; sourceTree = "<group>"; };
		CB8BB2AA25E5009200809D73 /* KombatBio.app */ = {isa = PBXFileReference; explicitFileType = wrapper.application; includeInIndex = 0; path = KombatBio.app; sourceTree = BUILT_PRODUCTS_DIR; };
		CB8BB2AD25E5009200809D73 /* AppDelegate.swift */ = {isa = PBXFileReference; lastKnownFileType = sourcecode.swift; path = AppDelegate.swift; sourceTree = "<group>"; };
		CB8BB2AF25E5009200809D73 /* SceneDelegate.swift */ = {isa = PBXFileReference; lastKnownFileType = sourcecode.swift; path = SceneDelegate.swift; sourceTree = "<group>"; };
		CB8BB2B125E5009200809D73 /* TableViewVC.swift */ = {isa = PBXFileReference; lastKnownFileType = sourcecode.swift; path = TableViewVC.swift; sourceTree = "<group>"; };
		CB8BB2B425E5009200809D73 /* Base */ = {isa = PBXFileReference; lastKnownFileType = file.storyboard; name = Base; path = Base.lproj/Main.storyboard; sourceTree = "<group>"; };
		CB8BB2B625E5009E00809D73 /* Assets.xcassets */ = {isa = PBXFileReference; lastKnownFileType = folder.assetcatalog; path = Assets.xcassets; sourceTree = "<group>"; };
		CB8BB2B925E5009E00809D73 /* Base */ = {isa = PBXFileReference; lastKnownFileType = file.storyboard; name = Base; path = Base.lproj/LaunchScreen.storyboard; sourceTree = "<group>"; };
		CB8BB2BB25E5009E00809D73 /* Info.plist */ = {isa = PBXFileReference; lastKnownFileType = text.plist.xml; path = Info.plist; sourceTree = "<group>"; };
		CB8BB2C225E502F100809D73 /* CharacterModel.swift */ = {isa = PBXFileReference; lastKnownFileType = sourcecode.swift; path = CharacterModel.swift; sourceTree = "<group>"; };
		CB8BB2C525E504CB00809D73 /* Networking.swift */ = {isa = PBXFileReference; lastKnownFileType = sourcecode.swift; path = Networking.swift; sourceTree = "<group>"; };
		CB8BB2C925E50F3E00809D73 /* Kombat.json */ = {isa = PBXFileReference; fileEncoding = 4; lastKnownFileType = text.json; path = Kombat.json; sourceTree = "<group>"; };
		CB8BB2CF25E5524C00809D73 /* FighterCell.swift */ = {isa = PBXFileReference; lastKnownFileType = sourcecode.swift; path = FighterCell.swift; sourceTree = "<group>"; };
		CB8BB2D025E5524C00809D73 /* FighterCell.xib */ = {isa = PBXFileReference; lastKnownFileType = file.xib; path = FighterCell.xib; sourceTree = "<group>"; };
		CB8BB2D725E5700F00809D73 /* DataSource.swift */ = {isa = PBXFileReference; lastKnownFileType = sourcecode.swift; path = DataSource.swift; sourceTree = "<group>"; };
		CB8BB2DB25E573C100809D73 /* DataProvider.swift */ = {isa = PBXFileReference; lastKnownFileType = sourcecode.swift; path = DataProvider.swift; sourceTree = "<group>"; };
		CB8BB2DE25E576A000809D73 /* TableViewVM.swift */ = {isa = PBXFileReference; lastKnownFileType = sourcecode.swift; path = TableViewVM.swift; sourceTree = "<group>"; };
		CB8BB2EF25E67EE600809D73 /* CollectionViewVC.swift */ = {isa = PBXFileReference; lastKnownFileType = sourcecode.swift; path = CollectionViewVC.swift; sourceTree = "<group>"; };
		CB8BB2F225E67F6D00809D73 /* CollectionViewCell.swift */ = {isa = PBXFileReference; lastKnownFileType = sourcecode.swift; path = CollectionViewCell.swift; sourceTree = "<group>"; };
		CB8BB2F325E67F6D00809D73 /* CollectionViewCell.xib */ = {isa = PBXFileReference; lastKnownFileType = file.xib; path = CollectionViewCell.xib; sourceTree = "<group>"; };
		CB8BB2F925E6828500809D73 /* CollectionViewVM.swift */ = {isa = PBXFileReference; lastKnownFileType = sourcecode.swift; path = CollectionViewVM.swift; sourceTree = "<group>"; };
		CB8BB2FC25E6D11300809D73 /* MKtitle.ttf */ = {isa = PBXFileReference; lastKnownFileType = file; path = MKtitle.ttf; sourceTree = "<group>"; };
		CB8BB30225E6D4A900809D73 /* Colors.swift */ = {isa = PBXFileReference; lastKnownFileType = sourcecode.swift; path = Colors.swift; sourceTree = "<group>"; };
		CB8BB30B25E7F5F300809D73 /* ContainerVC.swift */ = {isa = PBXFileReference; lastKnownFileType = sourcecode.swift; path = ContainerVC.swift; sourceTree = "<group>"; };
		CB9F4DFD25F113EB0033C077 /* FinishersVC.swift */ = {isa = PBXFileReference; lastKnownFileType = sourcecode.swift; path = FinishersVC.swift; sourceTree = "<group>"; };
		CBC685A425F235E200FAFCC8 /* mklogogif.gif */ = {isa = PBXFileReference; lastKnownFileType = image.gif; path = mklogogif.gif; sourceTree = "<group>"; };
		CBC685A725F236B600FAFCC8 /* LogoAnimationView.swift */ = {isa = PBXFileReference; lastKnownFileType = sourcecode.swift; path = LogoAnimationView.swift; sourceTree = "<group>"; };
		CBC789292602547900CC5E4C /* SettingsVC.swift */ = {isa = PBXFileReference; lastKnownFileType = sourcecode.swift; path = SettingsVC.swift; sourceTree = "<group>"; };
		CBC7892C26026EC700CC5E4C /* Fonts.swift */ = {isa = PBXFileReference; lastKnownFileType = sourcecode.swift; path = Fonts.swift; sourceTree = "<group>"; };
		CBE6C35425F24A6C008F34D6 /* raidenGif.gif */ = {isa = PBXFileReference; lastKnownFileType = image.gif; path = raidenGif.gif; sourceTree = "<group>"; };
		CBE6C35C25FA16E1008F34D6 /* DetailScreenVM.swift */ = {isa = PBXFileReference; lastKnownFileType = sourcecode.swift; path = DetailScreenVM.swift; sourceTree = "<group>"; };
		CBEC3B5526037507009C92F8 /* AboutAppVC.swift */ = {isa = PBXFileReference; lastKnownFileType = sourcecode.swift; path = AboutAppVC.swift; sourceTree = "<group>"; };
		CBEC3B582603802B009C92F8 /* AboutDevVC.swift */ = {isa = PBXFileReference; lastKnownFileType = sourcecode.swift; path = AboutDevVC.swift; sourceTree = "<group>"; };
		CF60B59B916909879EE2FCD4 /* Pods_KombatBio.framework */ = {isa = PBXFileReference; explicitFileType = wrapper.framework; includeInIndex = 0; path = Pods_KombatBio.framework; sourceTree = BUILT_PRODUCTS_DIR; };
/* End PBXFileReference section */

/* Begin PBXFrameworksBuildPhase section */
		CB8BB2A725E5009200809D73 /* Frameworks */ = {
			isa = PBXFrameworksBuildPhase;
			buildActionMask = 2147483647;
			files = (
				D50464F0D0011B1946CDBF03 /* Pods_KombatBio.framework in Frameworks */,
			);
			runOnlyForDeploymentPostprocessing = 0;
		};
/* End PBXFrameworksBuildPhase section */

/* Begin PBXGroup section */
		23DBB2E7C2BEB79CD6FA8802 /* Frameworks */ = {
			isa = PBXGroup;
			children = (
				CF60B59B916909879EE2FCD4 /* Pods_KombatBio.framework */,
			);
			name = Frameworks;
			sourceTree = "<group>";
		};
		662F3D711F16AF331EE139DB /* Pods */ = {
			isa = PBXGroup;
			children = (
				36E73328AADE86143A10DDE7 /* Pods-KombatBio.debug.xcconfig */,
				BBD1D5D735A1329F992AF93B /* Pods-KombatBio.release.xcconfig */,
			);
			path = Pods;
			sourceTree = "<group>";
		};
		CB8BB2A125E5009200809D73 = {
			isa = PBXGroup;
			children = (
				CB8BB2AC25E5009200809D73 /* KombatBio */,
				CB8BB2AB25E5009200809D73 /* Products */,
				662F3D711F16AF331EE139DB /* Pods */,
				23DBB2E7C2BEB79CD6FA8802 /* Frameworks */,
			);
			sourceTree = "<group>";
		};
		CB8BB2AB25E5009200809D73 /* Products */ = {
			isa = PBXGroup;
			children = (
				CB8BB2AA25E5009200809D73 /* KombatBio.app */,
			);
			name = Products;
			sourceTree = "<group>";
		};
		CB8BB2AC25E5009200809D73 /* KombatBio */ = {
			isa = PBXGroup;
			children = (
				CB8BB2AD25E5009200809D73 /* AppDelegate.swift */,
				CB8BB2AF25E5009200809D73 /* SceneDelegate.swift */,
				CB8BB2E325E57DDE00809D73 /* Controller */,
				CB8BB2E525E57DEA00809D73 /* ViewModel */,
				CB8BB2E725E57DFA00809D73 /* Model */,
				CB8BB2E925E57E0300809D73 /* Networking */,
				CB8BB2E125E57DD600809D73 /* VIew */,
				CB8BB2B625E5009E00809D73 /* Assets.xcassets */,
				CBE6C35925F258A1008F34D6 /* Fonts */,
				CB8BB30525E6D4AE00809D73 /* Helpers */,
				CB8BB2B825E5009E00809D73 /* LaunchScreen.storyboard */,
				CBC685A425F235E200FAFCC8 /* mklogogif.gif */,
				CB2388B0260389D3000DD0EB /* Kitana_UMK3.gif */,
				CB2388B1260389D3000DD0EB /* Umk3s.gif */,
				CB2388D92603BF8E000DD0EB /* GoogleService-Info.plist */,
				CBE6C35425F24A6C008F34D6 /* raidenGif.gif */,
				CB8BB2BB25E5009E00809D73 /* Info.plist */,
			);
			path = KombatBio;
			sourceTree = "<group>";
		};
		CB8BB2E125E57DD600809D73 /* VIew */ = {
			isa = PBXGroup;
			children = (
				CB8BB2B325E5009200809D73 /* Main.storyboard */,
				CB8BB2CF25E5524C00809D73 /* FighterCell.swift */,
				CB8BB2D025E5524C00809D73 /* FighterCell.xib */,
				CB8BB2F225E67F6D00809D73 /* CollectionViewCell.swift */,
				CB8BB2F325E67F6D00809D73 /* CollectionViewCell.xib */,
				CBC685A725F236B600FAFCC8 /* LogoAnimationView.swift */,
			);
			path = VIew;
			sourceTree = "<group>";
		};
		CB8BB2E325E57DDE00809D73 /* Controller */ = {
			isa = PBXGroup;
			children = (
				CB8BB2B125E5009200809D73 /* TableViewVC.swift */,
				CB8BB2EF25E67EE600809D73 /* CollectionViewVC.swift */,
				CB8BB30B25E7F5F300809D73 /* ContainerVC.swift */,
				CB2DE22825E91B7A001A8F5E /* DetailVC.swift */,
				CB9F4DFD25F113EB0033C077 /* FinishersVC.swift */,
				CBC789292602547900CC5E4C /* SettingsVC.swift */,
				CBEC3B5526037507009C92F8 /* AboutAppVC.swift */,
				CBEC3B582603802B009C92F8 /* AboutDevVC.swift */,
			);
			path = Controller;
			sourceTree = "<group>";
		};
		CB8BB2E525E57DEA00809D73 /* ViewModel */ = {
			isa = PBXGroup;
			children = (
				CB8BB2DE25E576A000809D73 /* TableViewVM.swift */,
				CB8BB2F925E6828500809D73 /* CollectionViewVM.swift */,
				CBE6C35C25FA16E1008F34D6 /* DetailScreenVM.swift */,
			);
			path = ViewModel;
			sourceTree = "<group>";
		};
		CB8BB2E725E57DFA00809D73 /* Model */ = {
			isa = PBXGroup;
			children = (
				CB8BB2D725E5700F00809D73 /* DataSource.swift */,
				CB8BB2DB25E573C100809D73 /* DataProvider.swift */,
				CB8BB2C225E502F100809D73 /* CharacterModel.swift */,
			);
			path = Model;
			sourceTree = "<group>";
		};
		CB8BB2E925E57E0300809D73 /* Networking */ = {
			isa = PBXGroup;
			children = (
				CB8BB2C525E504CB00809D73 /* Networking.swift */,
				CB8BB2C925E50F3E00809D73 /* Kombat.json */,
			);
			path = Networking;
			sourceTree = "<group>";
		};
		CB8BB30525E6D4AE00809D73 /* Helpers */ = {
			isa = PBXGroup;
			children = (
				CB8BB30225E6D4A900809D73 /* Colors.swift */,
				CBC7892C26026EC700CC5E4C /* Fonts.swift */,
			);
			path = Helpers;
			sourceTree = "<group>";
		};
		CBE6C35925F258A1008F34D6 /* Fonts */ = {
			isa = PBXGroup;
			children = (
				CB8BB2FC25E6D11300809D73 /* MKtitle.ttf */,
			);
			path = Fonts;
			sourceTree = "<group>";
		};
/* End PBXGroup section */

/* Begin PBXNativeTarget section */
		CB8BB2A925E5009200809D73 /* KombatBio */ = {
			isa = PBXNativeTarget;
			buildConfigurationList = CB8BB2BE25E5009E00809D73 /* Build configuration list for PBXNativeTarget "KombatBio" */;
			buildPhases = (
				2FE8FB54A5C1706B069ADEFC /* [CP] Check Pods Manifest.lock */,
				CB8BB2A625E5009200809D73 /* Sources */,
				CB8BB2A725E5009200809D73 /* Frameworks */,
				CB8BB2A825E5009200809D73 /* Resources */,
				D1945A5AA408A739AC605FE3 /* [CP] Embed Pods Frameworks */,
			);
			buildRules = (
			);
			dependencies = (
			);
			name = KombatBio;
			productName = KombatBio;
			productReference = CB8BB2AA25E5009200809D73 /* KombatBio.app */;
			productType = "com.apple.product-type.application";
		};
/* End PBXNativeTarget section */

/* Begin PBXProject section */
		CB8BB2A225E5009200809D73 /* Project object */ = {
			isa = PBXProject;
			attributes = {
				LastSwiftUpdateCheck = 1240;
				LastUpgradeCheck = 1240;
				TargetAttributes = {
					CB8BB2A925E5009200809D73 = {
						CreatedOnToolsVersion = 12.4;
					};
				};
			};
			buildConfigurationList = CB8BB2A525E5009200809D73 /* Build configuration list for PBXProject "KombatBio" */;
			compatibilityVersion = "Xcode 9.3";
			developmentRegion = en;
			hasScannedForEncodings = 0;
			knownRegions = (
				en,
				Base,
			);
			mainGroup = CB8BB2A125E5009200809D73;
			productRefGroup = CB8BB2AB25E5009200809D73 /* Products */;
			projectDirPath = "";
			projectRoot = "";
			targets = (
				CB8BB2A925E5009200809D73 /* KombatBio */,
			);
		};
/* End PBXProject section */

/* Begin PBXResourcesBuildPhase section */
		CB8BB2A825E5009200809D73 /* Resources */ = {
			isa = PBXResourcesBuildPhase;
			buildActionMask = 2147483647;
			files = (
				CB8BB2FD25E6D11300809D73 /* MKtitle.ttf in Resources */,
				CB8BB2BA25E5009E00809D73 /* LaunchScreen.storyboard in Resources */,
				CB8BB2CA25E50F3E00809D73 /* Kombat.json in Resources */,
				CB8BB2F525E67F6D00809D73 /* CollectionViewCell.xib in Resources */,
				CB2388B3260389D3000DD0EB /* Umk3s.gif in Resources */,
				CB2388DA2603BF8E000DD0EB /* GoogleService-Info.plist in Resources */,
				CBE6C35525F24A6C008F34D6 /* raidenGif.gif in Resources */,
				CB8BB2D225E5524C00809D73 /* FighterCell.xib in Resources */,
				CB2388B2260389D3000DD0EB /* Kitana_UMK3.gif in Resources */,
				CB8BB2B725E5009E00809D73 /* Assets.xcassets in Resources */,
				CBC685A525F235E200FAFCC8 /* mklogogif.gif in Resources */,
				CB8BB2B525E5009200809D73 /* Main.storyboard in Resources */,
			);
			runOnlyForDeploymentPostprocessing = 0;
		};
/* End PBXResourcesBuildPhase section */

/* Begin PBXShellScriptBuildPhase section */
		2FE8FB54A5C1706B069ADEFC /* [CP] Check Pods Manifest.lock */ = {
			isa = PBXShellScriptBuildPhase;
			buildActionMask = 2147483647;
			files = (
			);
			inputFileListPaths = (
			);
			inputPaths = (
				"${PODS_PODFILE_DIR_PATH}/Podfile.lock",
				"${PODS_ROOT}/Manifest.lock",
			);
			name = "[CP] Check Pods Manifest.lock";
			outputFileListPaths = (
			);
			outputPaths = (
				"$(DERIVED_FILE_DIR)/Pods-KombatBio-checkManifestLockResult.txt",
			);
			runOnlyForDeploymentPostprocessing = 0;
			shellPath = /bin/sh;
			shellScript = "diff \"${PODS_PODFILE_DIR_PATH}/Podfile.lock\" \"${PODS_ROOT}/Manifest.lock\" > /dev/null\nif [ $? != 0 ] ; then\n    # print error to STDERR\n    echo \"error: The sandbox is not in sync with the Podfile.lock. Run 'pod install' or update your CocoaPods installation.\" >&2\n    exit 1\nfi\n# This output is used by Xcode 'outputs' to avoid re-running this script phase.\necho \"SUCCESS\" > \"${SCRIPT_OUTPUT_FILE_0}\"\n";
			showEnvVarsInLog = 0;
		};
		D1945A5AA408A739AC605FE3 /* [CP] Embed Pods Frameworks */ = {
			isa = PBXShellScriptBuildPhase;
			buildActionMask = 2147483647;
			files = (
			);
			inputFileListPaths = (
				"${PODS_ROOT}/Target Support Files/Pods-KombatBio/Pods-KombatBio-frameworks-${CONFIGURATION}-input-files.xcfilelist",
			);
			name = "[CP] Embed Pods Frameworks";
			outputFileListPaths = (
				"${PODS_ROOT}/Target Support Files/Pods-KombatBio/Pods-KombatBio-frameworks-${CONFIGURATION}-output-files.xcfilelist",
			);
			runOnlyForDeploymentPostprocessing = 0;
			shellPath = /bin/sh;
			shellScript = "\"${PODS_ROOT}/Target Support Files/Pods-KombatBio/Pods-KombatBio-frameworks.sh\"\n";
			showEnvVarsInLog = 0;
		};
/* End PBXShellScriptBuildPhase section */

/* Begin PBXSourcesBuildPhase section */
		CB8BB2A625E5009200809D73 /* Sources */ = {
			isa = PBXSourcesBuildPhase;
			buildActionMask = 2147483647;
			files = (
				CBC7892A2602547900CC5E4C /* SettingsVC.swift in Sources */,
				CBEC3B5626037507009C92F8 /* AboutAppVC.swift in Sources */,
				CB8BB2B225E5009200809D73 /* TableViewVC.swift in Sources */,
				CB8BB2D125E5524C00809D73 /* FighterCell.swift in Sources */,
				CBC685A825F236B600FAFCC8 /* LogoAnimationView.swift in Sources */,
				CB8BB2DF25E576A000809D73 /* TableViewVM.swift in Sources */,
				CB9F4DFE25F113EB0033C077 /* FinishersVC.swift in Sources */,
				CB8BB2DC25E573C100809D73 /* DataProvider.swift in Sources */,
				CB8BB2C625E504CB00809D73 /* Networking.swift in Sources */,
				CB2DE22925E91B7A001A8F5E /* DetailVC.swift in Sources */,
				CB8BB2D825E5700F00809D73 /* DataSource.swift in Sources */,
				CB8BB2C325E502F100809D73 /* CharacterModel.swift in Sources */,
				CB8BB2FA25E6828500809D73 /* CollectionViewVM.swift in Sources */,
				CB8BB30C25E7F5F300809D73 /* ContainerVC.swift in Sources */,
				CB8BB30325E6D4A900809D73 /* Colors.swift in Sources */,
				CB8BB2AE25E5009200809D73 /* AppDelegate.swift in Sources */,
				CBEC3B592603802B009C92F8 /* AboutDevVC.swift in Sources */,
				CB8BB2B025E5009200809D73 /* SceneDelegate.swift in Sources */,
				CBC7892D26026EC700CC5E4C /* Fonts.swift in Sources */,
				CBE6C35D25FA16E1008F34D6 /* DetailScreenVM.swift in Sources */,
				CB8BB2F025E67EE600809D73 /* CollectionViewVC.swift in Sources */,
				CB8BB2F425E67F6D00809D73 /* CollectionViewCell.swift in Sources */,
			);
			runOnlyForDeploymentPostprocessing = 0;
		};
/* End PBXSourcesBuildPhase section */

/* Begin PBXVariantGroup section */
		CB8BB2B325E5009200809D73 /* Main.storyboard */ = {
			isa = PBXVariantGroup;
			children = (
				CB8BB2B425E5009200809D73 /* Base */,
			);
			name = Main.storyboard;
			sourceTree = "<group>";
		};
		CB8BB2B825E5009E00809D73 /* LaunchScreen.storyboard */ = {
			isa = PBXVariantGroup;
			children = (
				CB8BB2B925E5009E00809D73 /* Base */,
			);
			name = LaunchScreen.storyboard;
			sourceTree = "<group>";
		};
/* End PBXVariantGroup section */

/* Begin XCBuildConfiguration section */
		CB8BB2BC25E5009E00809D73 /* Debug */ = {
			isa = XCBuildConfiguration;
			buildSettings = {
				ALWAYS_SEARCH_USER_PATHS = NO;
				CLANG_ANALYZER_NONNULL = YES;
				CLANG_ANALYZER_NUMBER_OBJECT_CONVERSION = YES_AGGRESSIVE;
				CLANG_CXX_LANGUAGE_STANDARD = "gnu++14";
				CLANG_CXX_LIBRARY = "libc++";
				CLANG_ENABLE_MODULES = YES;
				CLANG_ENABLE_OBJC_ARC = YES;
				CLANG_ENABLE_OBJC_WEAK = YES;
				CLANG_WARN_BLOCK_CAPTURE_AUTORELEASING = YES;
				CLANG_WARN_BOOL_CONVERSION = YES;
				CLANG_WARN_COMMA = YES;
				CLANG_WARN_CONSTANT_CONVERSION = YES;
				CLANG_WARN_DEPRECATED_OBJC_IMPLEMENTATIONS = YES;
				CLANG_WARN_DIRECT_OBJC_ISA_USAGE = YES_ERROR;
				CLANG_WARN_DOCUMENTATION_COMMENTS = YES;
				CLANG_WARN_EMPTY_BODY = YES;
				CLANG_WARN_ENUM_CONVERSION = YES;
				CLANG_WARN_INFINITE_RECURSION = YES;
				CLANG_WARN_INT_CONVERSION = YES;
				CLANG_WARN_NON_LITERAL_NULL_CONVERSION = YES;
				CLANG_WARN_OBJC_IMPLICIT_RETAIN_SELF = YES;
				CLANG_WARN_OBJC_LITERAL_CONVERSION = YES;
				CLANG_WARN_OBJC_ROOT_CLASS = YES_ERROR;
				CLANG_WARN_QUOTED_INCLUDE_IN_FRAMEWORK_HEADER = YES;
				CLANG_WARN_RANGE_LOOP_ANALYSIS = YES;
				CLANG_WARN_STRICT_PROTOTYPES = YES;
				CLANG_WARN_SUSPICIOUS_MOVE = YES;
				CLANG_WARN_UNGUARDED_AVAILABILITY = YES_AGGRESSIVE;
				CLANG_WARN_UNREACHABLE_CODE = YES;
				CLANG_WARN__DUPLICATE_METHOD_MATCH = YES;
				COPY_PHASE_STRIP = NO;
				DEBUG_INFORMATION_FORMAT = dwarf;
				ENABLE_STRICT_OBJC_MSGSEND = YES;
				ENABLE_TESTABILITY = YES;
				GCC_C_LANGUAGE_STANDARD = gnu11;
				GCC_DYNAMIC_NO_PIC = NO;
				GCC_NO_COMMON_BLOCKS = YES;
				GCC_OPTIMIZATION_LEVEL = 0;
				GCC_PREPROCESSOR_DEFINITIONS = (
					"DEBUG=1",
					"$(inherited)",
				);
				GCC_WARN_64_TO_32_BIT_CONVERSION = YES;
				GCC_WARN_ABOUT_RETURN_TYPE = YES_ERROR;
				GCC_WARN_UNDECLARED_SELECTOR = YES;
				GCC_WARN_UNINITIALIZED_AUTOS = YES_AGGRESSIVE;
				GCC_WARN_UNUSED_FUNCTION = YES;
				GCC_WARN_UNUSED_VARIABLE = YES;
				IPHONEOS_DEPLOYMENT_TARGET = 14.4;
				MTL_ENABLE_DEBUG_INFO = INCLUDE_SOURCE;
				MTL_FAST_MATH = YES;
				ONLY_ACTIVE_ARCH = YES;
				SDKROOT = iphoneos;
				SWIFT_ACTIVE_COMPILATION_CONDITIONS = DEBUG;
				SWIFT_OPTIMIZATION_LEVEL = "-Onone";
			};
			name = Debug;
		};
		CB8BB2BD25E5009E00809D73 /* Release */ = {
			isa = XCBuildConfiguration;
			buildSettings = {
				ALWAYS_SEARCH_USER_PATHS = NO;
				CLANG_ANALYZER_NONNULL = YES;
				CLANG_ANALYZER_NUMBER_OBJECT_CONVERSION = YES_AGGRESSIVE;
				CLANG_CXX_LANGUAGE_STANDARD = "gnu++14";
				CLANG_CXX_LIBRARY = "libc++";
				CLANG_ENABLE_MODULES = YES;
				CLANG_ENABLE_OBJC_ARC = YES;
				CLANG_ENABLE_OBJC_WEAK = YES;
				CLANG_WARN_BLOCK_CAPTURE_AUTORELEASING = YES;
				CLANG_WARN_BOOL_CONVERSION = YES;
				CLANG_WARN_COMMA = YES;
				CLANG_WARN_CONSTANT_CONVERSION = YES;
				CLANG_WARN_DEPRECATED_OBJC_IMPLEMENTATIONS = YES;
				CLANG_WARN_DIRECT_OBJC_ISA_USAGE = YES_ERROR;
				CLANG_WARN_DOCUMENTATION_COMMENTS = YES;
				CLANG_WARN_EMPTY_BODY = YES;
				CLANG_WARN_ENUM_CONVERSION = YES;
				CLANG_WARN_INFINITE_RECURSION = YES;
				CLANG_WARN_INT_CONVERSION = YES;
				CLANG_WARN_NON_LITERAL_NULL_CONVERSION = YES;
				CLANG_WARN_OBJC_IMPLICIT_RETAIN_SELF = YES;
				CLANG_WARN_OBJC_LITERAL_CONVERSION = YES;
				CLANG_WARN_OBJC_ROOT_CLASS = YES_ERROR;
				CLANG_WARN_QUOTED_INCLUDE_IN_FRAMEWORK_HEADER = YES;
				CLANG_WARN_RANGE_LOOP_ANALYSIS = YES;
				CLANG_WARN_STRICT_PROTOTYPES = YES;
				CLANG_WARN_SUSPICIOUS_MOVE = YES;
				CLANG_WARN_UNGUARDED_AVAILABILITY = YES_AGGRESSIVE;
				CLANG_WARN_UNREACHABLE_CODE = YES;
				CLANG_WARN__DUPLICATE_METHOD_MATCH = YES;
				COPY_PHASE_STRIP = NO;
				DEBUG_INFORMATION_FORMAT = "dwarf-with-dsym";
				ENABLE_NS_ASSERTIONS = NO;
				ENABLE_STRICT_OBJC_MSGSEND = YES;
				GCC_C_LANGUAGE_STANDARD = gnu11;
				GCC_NO_COMMON_BLOCKS = YES;
				GCC_WARN_64_TO_32_BIT_CONVERSION = YES;
				GCC_WARN_ABOUT_RETURN_TYPE = YES_ERROR;
				GCC_WARN_UNDECLARED_SELECTOR = YES;
				GCC_WARN_UNINITIALIZED_AUTOS = YES_AGGRESSIVE;
				GCC_WARN_UNUSED_FUNCTION = YES;
				GCC_WARN_UNUSED_VARIABLE = YES;
				IPHONEOS_DEPLOYMENT_TARGET = 14.4;
				MTL_ENABLE_DEBUG_INFO = NO;
				MTL_FAST_MATH = YES;
				SDKROOT = iphoneos;
				SWIFT_COMPILATION_MODE = wholemodule;
				SWIFT_OPTIMIZATION_LEVEL = "-O";
				VALIDATE_PRODUCT = YES;
			};
			name = Release;
		};
		CB8BB2BF25E5009E00809D73 /* Debug */ = {
			isa = XCBuildConfiguration;
			baseConfigurationReference = 36E73328AADE86143A10DDE7 /* Pods-KombatBio.debug.xcconfig */;
			buildSettings = {
				ASSETCATALOG_COMPILER_APPICON_NAME = AppIcon;
				ASSETCATALOG_COMPILER_GLOBAL_ACCENT_COLOR_NAME = AccentColor;
				CODE_SIGN_IDENTITY = "Apple Development";
				CODE_SIGN_STYLE = Automatic;
				DEVELOPMENT_TEAM = M8SUW96MKR;
				INFOPLIST_FILE = KombatBio/Info.plist;
				LD_RUNPATH_SEARCH_PATHS = (
					"$(inherited)",
					"@executable_path/Frameworks",
				);
				PRODUCT_BUNDLE_IDENTIFIER = com.mikhailKisliy.KombatBio;
				PRODUCT_NAME = "$(TARGET_NAME)";
				PROVISIONING_PROFILE_SPECIFIER = "";
				SWIFT_VERSION = 5.0;
				TARGETED_DEVICE_FAMILY = "1,2";
			};
			name = Debug;
		};
		CB8BB2C025E5009E00809D73 /* Release */ = {
			isa = XCBuildConfiguration;
			baseConfigurationReference = BBD1D5D735A1329F992AF93B /* Pods-KombatBio.release.xcconfig */;
			buildSettings = {
				ASSETCATALOG_COMPILER_APPICON_NAME = AppIcon;
				ASSETCATALOG_COMPILER_GLOBAL_ACCENT_COLOR_NAME = AccentColor;
				CODE_SIGN_IDENTITY = "Apple Development";
				CODE_SIGN_STYLE = Automatic;
				DEVELOPMENT_TEAM = M8SUW96MKR;
				INFOPLIST_FILE = KombatBio/Info.plist;
				LD_RUNPATH_SEARCH_PATHS = (
					"$(inherited)",
					"@executable_path/Frameworks",
				);
				PRODUCT_BUNDLE_IDENTIFIER = com.mikhailKisliy.KombatBio;
				PRODUCT_NAME = "$(TARGET_NAME)";
				PROVISIONING_PROFILE_SPECIFIER = "";
				SWIFT_VERSION = 5.0;
				TARGETED_DEVICE_FAMILY = "1,2";
			};
			name = Release;
		};
/* End XCBuildConfiguration section */

/* Begin XCConfigurationList section */
		CB8BB2A525E5009200809D73 /* Build configuration list for PBXProject "KombatBio" */ = {
			isa = XCConfigurationList;
			buildConfigurations = (
				CB8BB2BC25E5009E00809D73 /* Debug */,
				CB8BB2BD25E5009E00809D73 /* Release */,
			);
			defaultConfigurationIsVisible = 0;
			defaultConfigurationName = Release;
		};
		CB8BB2BE25E5009E00809D73 /* Build configuration list for PBXNativeTarget "KombatBio" */ = {
			isa = XCConfigurationList;
			buildConfigurations = (
				CB8BB2BF25E5009E00809D73 /* Debug */,
				CB8BB2C025E5009E00809D73 /* Release */,
			);
			defaultConfigurationIsVisible = 0;
			defaultConfigurationName = Release;
		};
/* End XCConfigurationList section */
	};
	rootObject = CB8BB2A225E5009200809D73 /* Project object */;
}
